
Microsoft Visual Studio Solution File, Format Version 12.00
# Visual Studio Version 17
VisualStudioVersion = 17.10.34902.84
MinimumVisualStudioVersion = 10.0.40219.1
Project("{FAE04EC0-301F-11D3-BF4B-00C04F79EFBC}") = "FaceDetectionAPI", "FaceDetectionAPI\FaceDetectionAPI.csproj", "{BC1DB1AA-7F10-4D6E-8380-5CD6DE546711}"
EndProject
Global
	GlobalSection(SolutionConfigurationPlatforms) = preSolution
		Debug|Any CPU = Debug|Any CPU
		Release|Any CPU = Release|Any CPU
	EndGlobalSection
	GlobalSection(ProjectConfigurationPlatforms) = postSolution
		{BC1DB1AA-7F10-4D6E-8380-5CD6DE546711}.Debug|Any CPU.ActiveCfg = Debug|Any CPU
		{BC1DB1AA-7F10-4D6E-8380-5CD6DE546711}.Debug|Any CPU.Build.0 = Debug|Any CPU
		{BC1DB1AA-7F10-4D6E-8380-5CD6DE546711}.Release|Any CPU.ActiveCfg = Release|Any CPU
		{BC1DB1AA-7F10-4D6E-8380-5CD6DE546711}.Release|Any CPU.Build.0 = Release|Any CPU
	EndGlobalSection
	GlobalSection(SolutionProperties) = preSolution
		HideSolutionNode = FALSE
	EndGlobalSection
	GlobalSection(ExtensibilityGlobals) = postSolution
		SolutionGuid = {9D2532D3-06B1-48CA-9B3F-B0E4EF356BC1}
	EndGlobalSection
EndGlobal
